// !$*UTF8*$!
{
	archiveVersion = 1;
	classes = {
	};
	objectVersion = 50;
	objects = {

/* Begin PBXBuildFile section */
		FA097E30256EF011002D195B /* Pixel.swift in Sources */ = {isa = PBXBuildFile; fileRef = FA097E2F256EF011002D195B /* Pixel.swift */; };
		FA097E3325707495002D195B /* GameOfLife.swift in Sources */ = {isa = PBXBuildFile; fileRef = FA097E3225707495002D195B /* GameOfLife.swift */; };
		FA5B0C5525606A48003B3BB3 /* RuleSet.swift in Sources */ = {isa = PBXBuildFile; fileRef = FA5B0C5425606A48003B3BB3 /* RuleSet.swift */; };
		FA5B0C5825607242003B3BB3 /* RuleMenuViewController.swift in Sources */ = {isa = PBXBuildFile; fileRef = FA5B0C5725607241003B3BB3 /* RuleMenuViewController.swift */; };
		FA5B0C5B25609663003B3BB3 /* RulesOfLife.swift in Sources */ = {isa = PBXBuildFile; fileRef = FA5B0C5A25609663003B3BB3 /* RulesOfLife.swift */; };
		FA5B0C60256EDE60003B3BB3 /* BufferGrid.swift in Sources */ = {isa = PBXBuildFile; fileRef = FA5B0C5F256EDE60003B3BB3 /* BufferGrid.swift */; };
		FAEFBA77255866F0003AF263 /* AppDelegate.swift in Sources */ = {isa = PBXBuildFile; fileRef = FAEFBA76255866F0003AF263 /* AppDelegate.swift */; };
		FAEFBA79255866F0003AF263 /* SceneDelegate.swift in Sources */ = {isa = PBXBuildFile; fileRef = FAEFBA78255866F0003AF263 /* SceneDelegate.swift */; };
		FAEFBA7B255866F0003AF263 /* ViewController.swift in Sources */ = {isa = PBXBuildFile; fileRef = FAEFBA7A255866F0003AF263 /* ViewController.swift */; };
		FAEFBA7E255866F0003AF263 /* Main.storyboard in Resources */ = {isa = PBXBuildFile; fileRef = FAEFBA7C255866F0003AF263 /* Main.storyboard */; };
		FAEFBA80255866F3003AF263 /* Assets.xcassets in Resources */ = {isa = PBXBuildFile; fileRef = FAEFBA7F255866F3003AF263 /* Assets.xcassets */; };
		FAEFBA83255866F3003AF263 /* LaunchScreen.storyboard in Resources */ = {isa = PBXBuildFile; fileRef = FAEFBA81255866F3003AF263 /* LaunchScreen.storyboard */; };
		FAEFBA8D25587CFA003AF263 /* ImageGenerator.swift in Sources */ = {isa = PBXBuildFile; fileRef = FAEFBA8B25587CF9003AF263 /* ImageGenerator.swift */; };
		FAEFBA8E25587CFA003AF263 /* LineBuffer.swift in Sources */ = {isa = PBXBuildFile; fileRef = FAEFBA8C25587CFA003AF263 /* LineBuffer.swift */; };
/* End PBXBuildFile section */

/* Begin PBXFileReference section */
		FA097E2F256EF011002D195B /* Pixel.swift */ = {isa = PBXFileReference; lastKnownFileType = sourcecode.swift; path = Pixel.swift; sourceTree = "<group>"; };
		FA097E3225707495002D195B /* GameOfLife.swift */ = {isa = PBXFileReference; lastKnownFileType = sourcecode.swift; path = GameOfLife.swift; sourceTree = "<group>"; };
		FA5B0C5425606A48003B3BB3 /* RuleSet.swift */ = {isa = PBXFileReference; lastKnownFileType = sourcecode.swift; path = RuleSet.swift; sourceTree = "<group>"; };
		FA5B0C5725607241003B3BB3 /* RuleMenuViewController.swift */ = {isa = PBXFileReference; lastKnownFileType = sourcecode.swift; path = RuleMenuViewController.swift; sourceTree = "<group>"; };
		FA5B0C5A25609663003B3BB3 /* RulesOfLife.swift */ = {isa = PBXFileReference; lastKnownFileType = sourcecode.swift; path = RulesOfLife.swift; sourceTree = "<group>"; };
		FA5B0C5F256EDE60003B3BB3 /* BufferGrid.swift */ = {isa = PBXFileReference; lastKnownFileType = sourcecode.swift; path = BufferGrid.swift; sourceTree = "<group>"; };
		FAEFBA73255866F0003AF263 /* Rules of Life.app */ = {isa = PBXFileReference; explicitFileType = wrapper.application; includeInIndex = 0; path = "Rules of Life.app"; sourceTree = BUILT_PRODUCTS_DIR; };
		FAEFBA76255866F0003AF263 /* AppDelegate.swift */ = {isa = PBXFileReference; lastKnownFileType = sourcecode.swift; path = AppDelegate.swift; sourceTree = "<group>"; };
		FAEFBA78255866F0003AF263 /* SceneDelegate.swift */ = {isa = PBXFileReference; lastKnownFileType = sourcecode.swift; path = SceneDelegate.swift; sourceTree = "<group>"; };
		FAEFBA7A255866F0003AF263 /* ViewController.swift */ = {isa = PBXFileReference; lastKnownFileType = sourcecode.swift; path = ViewController.swift; sourceTree = "<group>"; };
		FAEFBA7D255866F0003AF263 /* Base */ = {isa = PBXFileReference; lastKnownFileType = file.storyboard; name = Base; path = Base.lproj/Main.storyboard; sourceTree = "<group>"; };
		FAEFBA7F255866F3003AF263 /* Assets.xcassets */ = {isa = PBXFileReference; lastKnownFileType = folder.assetcatalog; path = Assets.xcassets; sourceTree = "<group>"; };
		FAEFBA82255866F3003AF263 /* Base */ = {isa = PBXFileReference; lastKnownFileType = file.storyboard; name = Base; path = Base.lproj/LaunchScreen.storyboard; sourceTree = "<group>"; };
		FAEFBA84255866F3003AF263 /* Info.plist */ = {isa = PBXFileReference; lastKnownFileType = text.plist.xml; path = Info.plist; sourceTree = "<group>"; };
		FAEFBA8B25587CF9003AF263 /* ImageGenerator.swift */ = {isa = PBXFileReference; fileEncoding = 4; lastKnownFileType = sourcecode.swift; path = ImageGenerator.swift; sourceTree = "<group>"; };
		FAEFBA8C25587CFA003AF263 /* LineBuffer.swift */ = {isa = PBXFileReference; fileEncoding = 4; lastKnownFileType = sourcecode.swift; path = LineBuffer.swift; sourceTree = "<group>"; };
/* End PBXFileReference section */

/* Begin PBXFrameworksBuildPhase section */
		FAEFBA70255866F0003AF263 /* Frameworks */ = {
			isa = PBXFrameworksBuildPhase;
			buildActionMask = 2147483647;
			files = (
			);
			runOnlyForDeploymentPostprocessing = 0;
		};
/* End PBXFrameworksBuildPhase section */

/* Begin PBXGroup section */
		FAEFBA6A255866F0003AF263 = {
			isa = PBXGroup;
			children = (
				FAEFBA75255866F0003AF263 /* Rules of Life */,
				FAEFBA74255866F0003AF263 /* Products */,
			);
			sourceTree = "<group>";
		};
		FAEFBA74255866F0003AF263 /* Products */ = {
			isa = PBXGroup;
			children = (
				FAEFBA73255866F0003AF263 /* Rules of Life.app */,
			);
			name = Products;
			sourceTree = "<group>";
		};
		FAEFBA75255866F0003AF263 /* Rules of Life */ = {
			isa = PBXGroup;
			children = (
				FAEFBA76255866F0003AF263 /* AppDelegate.swift */,
				FAEFBA78255866F0003AF263 /* SceneDelegate.swift */,
				FA5B0C5A25609663003B3BB3 /* RulesOfLife.swift */,
				FAEFBA8B25587CF9003AF263 /* ImageGenerator.swift */,
				FA097E2F256EF011002D195B /* Pixel.swift */,
				FAEFBA8C25587CFA003AF263 /* LineBuffer.swift */,
				FA5B0C5F256EDE60003B3BB3 /* BufferGrid.swift */,
				FA097E3225707495002D195B /* GameOfLife.swift */,
				FA5B0C5425606A48003B3BB3 /* RuleSet.swift */,
				FAEFBA7A255866F0003AF263 /* ViewController.swift */,
				FA5B0C5725607241003B3BB3 /* RuleMenuViewController.swift */,
				FAEFBA7C255866F0003AF263 /* Main.storyboard */,
				FAEFBA7F255866F3003AF263 /* Assets.xcassets */,
				FAEFBA81255866F3003AF263 /* LaunchScreen.storyboard */,
				FAEFBA84255866F3003AF263 /* Info.plist */,
			);
			path = "Rules of Life";
			sourceTree = "<group>";
		};
/* End PBXGroup section */

/* Begin PBXNativeTarget section */
		FAEFBA72255866F0003AF263 /* Rules of Life */ = {
			isa = PBXNativeTarget;
			buildConfigurationList = FAEFBA87255866F3003AF263 /* Build configuration list for PBXNativeTarget "Rules of Life" */;
			buildPhases = (
				FAEFBA6F255866F0003AF263 /* Sources */,
				FAEFBA70255866F0003AF263 /* Frameworks */,
				FAEFBA71255866F0003AF263 /* Resources */,
			);
			buildRules = (
			);
			dependencies = (
			);
			name = "Rules of Life";
			productName = "Rules of Life";
			productReference = FAEFBA73255866F0003AF263 /* Rules of Life.app */;
			productType = "com.apple.product-type.application";
		};
/* End PBXNativeTarget section */

/* Begin PBXProject section */
		FAEFBA6B255866F0003AF263 /* Project object */ = {
			isa = PBXProject;
			attributes = {
				LastSwiftUpdateCheck = 1210;
				LastUpgradeCheck = 1210;
				TargetAttributes = {
					FAEFBA72255866F0003AF263 = {
						CreatedOnToolsVersion = 12.1;
					};
				};
			};
			buildConfigurationList = FAEFBA6E255866F0003AF263 /* Build configuration list for PBXProject "Rules of Life" */;
			compatibilityVersion = "Xcode 9.3";
			developmentRegion = en;
			hasScannedForEncodings = 0;
			knownRegions = (
				en,
				Base,
			);
			mainGroup = FAEFBA6A255866F0003AF263;
			productRefGroup = FAEFBA74255866F0003AF263 /* Products */;
			projectDirPath = "";
			projectRoot = "";
			targets = (
				FAEFBA72255866F0003AF263 /* Rules of Life */,
			);
		};
/* End PBXProject section */

/* Begin PBXResourcesBuildPhase section */
		FAEFBA71255866F0003AF263 /* Resources */ = {
			isa = PBXResourcesBuildPhase;
			buildActionMask = 2147483647;
			files = (
				FAEFBA83255866F3003AF263 /* LaunchScreen.storyboard in Resources */,
				FAEFBA80255866F3003AF263 /* Assets.xcassets in Resources */,
				FAEFBA7E255866F0003AF263 /* Main.storyboard in Resources */,
			);
			runOnlyForDeploymentPostprocessing = 0;
		};
/* End PBXResourcesBuildPhase section */

/* Begin PBXSourcesBuildPhase section */
		FAEFBA6F255866F0003AF263 /* Sources */ = {
			isa = PBXSourcesBuildPhase;
			buildActionMask = 2147483647;
			files = (
				FAEFBA7B255866F0003AF263 /* ViewController.swift in Sources */,
				FAEFBA8E25587CFA003AF263 /* LineBuffer.swift in Sources */,
				FA097E30256EF011002D195B /* Pixel.swift in Sources */,
				FA5B0C5825607242003B3BB3 /* RuleMenuViewController.swift in Sources */,
				FAEFBA8D25587CFA003AF263 /* ImageGenerator.swift in Sources */,
				FA5B0C60256EDE60003B3BB3 /* BufferGrid.swift in Sources */,
				FA097E3325707495002D195B /* GameOfLife.swift in Sources */,
				FA5B0C5B25609663003B3BB3 /* RulesOfLife.swift in Sources */,
				FAEFBA77255866F0003AF263 /* AppDelegate.swift in Sources */,
				FA5B0C5525606A48003B3BB3 /* RuleSet.swift in Sources */,
				FAEFBA79255866F0003AF263 /* SceneDelegate.swift in Sources */,
			);
			runOnlyForDeploymentPostprocessing = 0;
		};
/* End PBXSourcesBuildPhase section */

/* Begin PBXVariantGroup section */
		FAEFBA7C255866F0003AF263 /* Main.storyboard */ = {
			isa = PBXVariantGroup;
			children = (
				FAEFBA7D255866F0003AF263 /* Base */,
			);
			name = Main.storyboard;
			sourceTree = "<group>";
		};
		FAEFBA81255866F3003AF263 /* LaunchScreen.storyboard */ = {
			isa = PBXVariantGroup;
			children = (
				FAEFBA82255866F3003AF263 /* Base */,
			);
			name = LaunchScreen.storyboard;
			sourceTree = "<group>";
		};
/* End PBXVariantGroup section */

/* Begin XCBuildConfiguration section */
		FAEFBA85255866F3003AF263 /* Debug */ = {
			isa = XCBuildConfiguration;
			buildSettings = {
				ALWAYS_SEARCH_USER_PATHS = NO;
				CLANG_ANALYZER_NONNULL = YES;
				CLANG_ANALYZER_NUMBER_OBJECT_CONVERSION = YES_AGGRESSIVE;
				CLANG_CXX_LANGUAGE_STANDARD = "gnu++14";
				CLANG_CXX_LIBRARY = "libc++";
				CLANG_ENABLE_MODULES = YES;
				CLANG_ENABLE_OBJC_ARC = YES;
				CLANG_ENABLE_OBJC_WEAK = YES;
				CLANG_WARN_BLOCK_CAPTURE_AUTORELEASING = YES;
				CLANG_WARN_BOOL_CONVERSION = YES;
				CLANG_WARN_COMMA = YES;
				CLANG_WARN_CONSTANT_CONVERSION = YES;
				CLANG_WARN_DEPRECATED_OBJC_IMPLEMENTATIONS = YES;
				CLANG_WARN_DIRECT_OBJC_ISA_USAGE = YES_ERROR;
				CLANG_WARN_DOCUMENTATION_COMMENTS = YES;
				CLANG_WARN_EMPTY_BODY = YES;
				CLANG_WARN_ENUM_CONVERSION = YES;
				CLANG_WARN_INFINITE_RECURSION = YES;
				CLANG_WARN_INT_CONVERSION = YES;
				CLANG_WARN_NON_LITERAL_NULL_CONVERSION = YES;
				CLANG_WARN_OBJC_IMPLICIT_RETAIN_SELF = YES;
				CLANG_WARN_OBJC_LITERAL_CONVERSION = YES;
				CLANG_WARN_OBJC_ROOT_CLASS = YES_ERROR;
				CLANG_WARN_QUOTED_INCLUDE_IN_FRAMEWORK_HEADER = YES;
				CLANG_WARN_RANGE_LOOP_ANALYSIS = YES;
				CLANG_WARN_STRICT_PROTOTYPES = YES;
				CLANG_WARN_SUSPICIOUS_MOVE = YES;
				CLANG_WARN_UNGUARDED_AVAILABILITY = YES_AGGRESSIVE;
				CLANG_WARN_UNREACHABLE_CODE = YES;
				CLANG_WARN__DUPLICATE_METHOD_MATCH = YES;
				COPY_PHASE_STRIP = NO;
				DEBUG_INFORMATION_FORMAT = dwarf;
				ENABLE_STRICT_OBJC_MSGSEND = YES;
				ENABLE_TESTABILITY = YES;
				GCC_C_LANGUAGE_STANDARD = gnu11;
				GCC_DYNAMIC_NO_PIC = NO;
				GCC_NO_COMMON_BLOCKS = YES;
				GCC_OPTIMIZATION_LEVEL = 0;
				GCC_PREPROCESSOR_DEFINITIONS = (
					"DEBUG=1",
					"$(inherited)",
				);
				GCC_WARN_64_TO_32_BIT_CONVERSION = YES;
				GCC_WARN_ABOUT_RETURN_TYPE = YES_ERROR;
				GCC_WARN_UNDECLARED_SELECTOR = YES;
				GCC_WARN_UNINITIALIZED_AUTOS = YES_AGGRESSIVE;
				GCC_WARN_UNUSED_FUNCTION = YES;
				GCC_WARN_UNUSED_VARIABLE = YES;
				IPHONEOS_DEPLOYMENT_TARGET = 14.1;
				MTL_ENABLE_DEBUG_INFO = INCLUDE_SOURCE;
				MTL_FAST_MATH = YES;
				ONLY_ACTIVE_ARCH = YES;
				SDKROOT = iphoneos;
				SWIFT_ACTIVE_COMPILATION_CONDITIONS = DEBUG;
				SWIFT_OPTIMIZATION_LEVEL = "-Onone";
			};
			name = Debug;
		};
		FAEFBA86255866F3003AF263 /* Release */ = {
			isa = XCBuildConfiguration;
			buildSettings = {
				ALWAYS_SEARCH_USER_PATHS = NO;
				CLANG_ANALYZER_NONNULL = YES;
				CLANG_ANALYZER_NUMBER_OBJECT_CONVERSION = YES_AGGRESSIVE;
				CLANG_CXX_LANGUAGE_STANDARD = "gnu++14";
				CLANG_CXX_LIBRARY = "libc++";
				CLANG_ENABLE_MODULES = YES;
				CLANG_ENABLE_OBJC_ARC = YES;
				CLANG_ENABLE_OBJC_WEAK = YES;
				CLANG_WARN_BLOCK_CAPTURE_AUTORELEASING = YES;
				CLANG_WARN_BOOL_CONVERSION = YES;
				CLANG_WARN_COMMA = YES;
				CLANG_WARN_CONSTANT_CONVERSION = YES;
				CLANG_WARN_DEPRECATED_OBJC_IMPLEMENTATIONS = YES;
				CLANG_WARN_DIRECT_OBJC_ISA_USAGE = YES_ERROR;
				CLANG_WARN_DOCUMENTATION_COMMENTS = YES;
				CLANG_WARN_EMPTY_BODY = YES;
				CLANG_WARN_ENUM_CONVERSION = YES;
				CLANG_WARN_INFINITE_RECURSION = YES;
				CLANG_WARN_INT_CONVERSION = YES;
				CLANG_WARN_NON_LITERAL_NULL_CONVERSION = YES;
				CLANG_WARN_OBJC_IMPLICIT_RETAIN_SELF = YES;
				CLANG_WARN_OBJC_LITERAL_CONVERSION = YES;
				CLANG_WARN_OBJC_ROOT_CLASS = YES_ERROR;
				CLANG_WARN_QUOTED_INCLUDE_IN_FRAMEWORK_HEADER = YES;
				CLANG_WARN_RANGE_LOOP_ANALYSIS = YES;
				CLANG_WARN_STRICT_PROTOTYPES = YES;
				CLANG_WARN_SUSPICIOUS_MOVE = YES;
				CLANG_WARN_UNGUARDED_AVAILABILITY = YES_AGGRESSIVE;
				CLANG_WARN_UNREACHABLE_CODE = YES;
				CLANG_WARN__DUPLICATE_METHOD_MATCH = YES;
				COPY_PHASE_STRIP = NO;
				DEBUG_INFORMATION_FORMAT = "dwarf-with-dsym";
				ENABLE_NS_ASSERTIONS = NO;
				ENABLE_STRICT_OBJC_MSGSEND = YES;
				GCC_C_LANGUAGE_STANDARD = gnu11;
				GCC_NO_COMMON_BLOCKS = YES;
				GCC_WARN_64_TO_32_BIT_CONVERSION = YES;
				GCC_WARN_ABOUT_RETURN_TYPE = YES_ERROR;
				GCC_WARN_UNDECLARED_SELECTOR = YES;
				GCC_WARN_UNINITIALIZED_AUTOS = YES_AGGRESSIVE;
				GCC_WARN_UNUSED_FUNCTION = YES;
				GCC_WARN_UNUSED_VARIABLE = YES;
				IPHONEOS_DEPLOYMENT_TARGET = 14.1;
				MTL_ENABLE_DEBUG_INFO = NO;
				MTL_FAST_MATH = YES;
				SDKROOT = iphoneos;
				SWIFT_COMPILATION_MODE = wholemodule;
				SWIFT_OPTIMIZATION_LEVEL = "-O";
				VALIDATE_PRODUCT = YES;
			};
			name = Release;
		};
		FAEFBA88255866F3003AF263 /* Debug */ = {
			isa = XCBuildConfiguration;
			buildSettings = {
				ASSETCATALOG_COMPILER_APPICON_NAME = AppIcon;
				ASSETCATALOG_COMPILER_GLOBAL_ACCENT_COLOR_NAME = AccentColor;
				CODE_SIGN_STYLE = Automatic;
				DEVELOPMENT_TEAM = D6686MZ69S;
				INFOPLIST_FILE = "Rules of Life/Info.plist";
				IPHONEOS_DEPLOYMENT_TARGET = 14.5;
				LD_RUNPATH_SEARCH_PATHS = (
					"$(inherited)",
					"@executable_path/Frameworks",
				);
				PRODUCT_BUNDLE_IDENTIFIER = "com.alexgiger.Rules-of-Life";
				PRODUCT_NAME = "$(TARGET_NAME)";
				SWIFT_VERSION = 5.0;
				TARGETED_DEVICE_FAMILY = "1,2";
			};
			name = Debug;
		};
		FAEFBA89255866F3003AF263 /* Release */ = {
			isa = XCBuildConfiguration;
			buildSettings = {
				ASSETCATALOG_COMPILER_APPICON_NAME = AppIcon;
				ASSETCATALOG_COMPILER_GLOBAL_ACCENT_COLOR_NAME = AccentColor;
				CODE_SIGN_STYLE = Automatic;
				DEVELOPMENT_TEAM = D6686MZ69S;
				INFOPLIST_FILE = "Rules of Life/Info.plist";
				IPHONEOS_DEPLOYMENT_TARGET = 14.5;
				LD_RUNPATH_SEARCH_PATHS = (
					"$(inherited)",
					"@executable_path/Frameworks",
				);
				PRODUCT_BUNDLE_IDENTIFIER = "com.alexgiger.Rules-of-Life";
				PRODUCT_NAME = "$(TARGET_NAME)";
				SWIFT_VERSION = 5.0;
				TARGETED_DEVICE_FAMILY = "1,2";
			};
			name = Release;
		};
/* End XCBuildConfiguration section */

/* Begin XCConfigurationList section */
		FAEFBA6E255866F0003AF263 /* Build configuration list for PBXProject "Rules of Life" */ = {
			isa = XCConfigurationList;
			buildConfigurations = (
				FAEFBA85255866F3003AF263 /* Debug */,
				FAEFBA86255866F3003AF263 /* Release */,
			);
			defaultConfigurationIsVisible = 0;
			defaultConfigurationName = Release;
		};
		FAEFBA87255866F3003AF263 /* Build configuration list for PBXNativeTarget "Rules of Life" */ = {
			isa = XCConfigurationList;
			buildConfigurations = (
				FAEFBA88255866F3003AF263 /* Debug */,
				FAEFBA89255866F3003AF263 /* Release */,
			);
			defaultConfigurationIsVisible = 0;
			defaultConfigurationName = Release;
		};
/* End XCConfigurationList section */
	};
	rootObject = FAEFBA6B255866F0003AF263 /* Project object */;
}
